// !$*UTF8*$!
{
	archiveVersion = 1;
	classes = {
	};
	objectVersion = 46;
	objects = {

/* Begin PBXBuildFile section */
		ECBB86D31C829742002B1E6B /* AppDelegate.swift in Sources */ = {isa = PBXBuildFile; fileRef = ECBB86D21C829742002B1E6B /* AppDelegate.swift */; };
		ECBB86D51C829742002B1E6B /* ViewController.swift in Sources */ = {isa = PBXBuildFile; fileRef = ECBB86D41C829742002B1E6B /* ViewController.swift */; };
		ECBB86D81C829742002B1E6B /* Main.storyboard in Resources */ = {isa = PBXBuildFile; fileRef = ECBB86D61C829742002B1E6B /* Main.storyboard */; };
		ECBB86DA1C829742002B1E6B /* Assets.xcassets in Resources */ = {isa = PBXBuildFile; fileRef = ECBB86D91C829742002B1E6B /* Assets.xcassets */; };
		ECBB86DD1C829742002B1E6B /* LaunchScreen.storyboard in Resources */ = {isa = PBXBuildFile; fileRef = ECBB86DB1C829742002B1E6B /* LaunchScreen.storyboard */; };
		ECBB86E81C829742002B1E6B /* LastMileHeroTests.swift in Sources */ = {isa = PBXBuildFile; fileRef = ECBB86E71C829742002B1E6B /* LastMileHeroTests.swift */; };
		ECBB86F31C829743002B1E6B /* LastMileHeroUITests.swift in Sources */ = {isa = PBXBuildFile; fileRef = ECBB86F21C829743002B1E6B /* LastMileHeroUITests.swift */; };
/* End PBXBuildFile section */

/* Begin PBXContainerItemProxy section */
		ECBB86E41C829742002B1E6B /* PBXContainerItemProxy */ = {
			isa = PBXContainerItemProxy;
			containerPortal = ECBB86C71C829742002B1E6B /* Project object */;
			proxyType = 1;
			remoteGlobalIDString = ECBB86CE1C829742002B1E6B;
			remoteInfo = LastMileHero;
		};
		ECBB86EF1C829743002B1E6B /* PBXContainerItemProxy */ = {
			isa = PBXContainerItemProxy;
			containerPortal = ECBB86C71C829742002B1E6B /* Project object */;
			proxyType = 1;
			remoteGlobalIDString = ECBB86CE1C829742002B1E6B;
			remoteInfo = LastMileHero;
		};
/* End PBXContainerItemProxy section */

/* Begin PBXFileReference section */
		ECBB86CF1C829742002B1E6B /* LastMileHero.app */ = {isa = PBXFileReference; explicitFileType = wrapper.application; includeInIndex = 0; path = LastMileHero.app; sourceTree = BUILT_PRODUCTS_DIR; };
		ECBB86D21C829742002B1E6B /* AppDelegate.swift */ = {isa = PBXFileReference; lastKnownFileType = sourcecode.swift; path = AppDelegate.swift; sourceTree = "<group>"; };
		ECBB86D41C829742002B1E6B /* ViewController.swift */ = {isa = PBXFileReference; lastKnownFileType = sourcecode.swift; path = ViewController.swift; sourceTree = "<group>"; };
		ECBB86D71C829742002B1E6B /* Base */ = {isa = PBXFileReference; lastKnownFileType = file.storyboard; name = Base; path = Base.lproj/Main.storyboard; sourceTree = "<group>"; };
		ECBB86D91C829742002B1E6B /* Assets.xcassets */ = {isa = PBXFileReference; lastKnownFileType = folder.assetcatalog; path = Assets.xcassets; sourceTree = "<group>"; };
		ECBB86DC1C829742002B1E6B /* Base */ = {isa = PBXFileReference; lastKnownFileType = file.storyboard; name = Base; path = Base.lproj/LaunchScreen.storyboard; sourceTree = "<group>"; };
		ECBB86DE1C829742002B1E6B /* Info.plist */ = {isa = PBXFileReference; lastKnownFileType = text.plist.xml; path = Info.plist; sourceTree = "<group>"; };
		ECBB86E31C829742002B1E6B /* LastMileHeroTests.xctest */ = {isa = PBXFileReference; explicitFileType = wrapper.cfbundle; includeInIndex = 0; path = LastMileHeroTests.xctest; sourceTree = BUILT_PRODUCTS_DIR; };
		ECBB86E71C829742002B1E6B /* LastMileHeroTests.swift */ = {isa = PBXFileReference; lastKnownFileType = sourcecode.swift; path = LastMileHeroTests.swift; sourceTree = "<group>"; };
		ECBB86E91C829742002B1E6B /* Info.plist */ = {isa = PBXFileReference; lastKnownFileType = text.plist.xml; path = Info.plist; sourceTree = "<group>"; };
		ECBB86EE1C829743002B1E6B /* LastMileHeroUITests.xctest */ = {isa = PBXFileReference; explicitFileType = wrapper.cfbundle; includeInIndex = 0; path = LastMileHeroUITests.xctest; sourceTree = BUILT_PRODUCTS_DIR; };
		ECBB86F21C829743002B1E6B /* LastMileHeroUITests.swift */ = {isa = PBXFileReference; lastKnownFileType = sourcecode.swift; path = LastMileHeroUITests.swift; sourceTree = "<group>"; };
		ECBB86F41C829743002B1E6B /* Info.plist */ = {isa = PBXFileReference; lastKnownFileType = text.plist.xml; path = Info.plist; sourceTree = "<group>"; };
/* End PBXFileReference section */

/* Begin PBXFrameworksBuildPhase section */
		ECBB86CC1C829742002B1E6B /* Frameworks */ = {
			isa = PBXFrameworksBuildPhase;
			buildActionMask = 2147483647;
			files = (
			);
			runOnlyForDeploymentPostprocessing = 0;
		};
		ECBB86E01C829742002B1E6B /* Frameworks */ = {
			isa = PBXFrameworksBuildPhase;
			buildActionMask = 2147483647;
			files = (
			);
			runOnlyForDeploymentPostprocessing = 0;
		};
		ECBB86EB1C829743002B1E6B /* Frameworks */ = {
			isa = PBXFrameworksBuildPhase;
			buildActionMask = 2147483647;
			files = (
			);
			runOnlyForDeploymentPostprocessing = 0;
		};
/* End PBXFrameworksBuildPhase section */

/* Begin PBXGroup section */
		ECBB86C61C829742002B1E6B = {
			isa = PBXGroup;
			children = (
				ECBB86D11C829742002B1E6B /* LastMileHero */,
				ECBB86E61C829742002B1E6B /* LastMileHeroTests */,
				ECBB86F11C829743002B1E6B /* LastMileHeroUITests */,
				ECBB86D01C829742002B1E6B /* Products */,
			);
			sourceTree = "<group>";
		};
		ECBB86D01C829742002B1E6B /* Products */ = {
			isa = PBXGroup;
			children = (
				ECBB86CF1C829742002B1E6B /* LastMileHero.app */,
				ECBB86E31C829742002B1E6B /* LastMileHeroTests.xctest */,
				ECBB86EE1C829743002B1E6B /* LastMileHeroUITests.xctest */,
			);
			name = Products;
			sourceTree = "<group>";
		};
		ECBB86D11C829742002B1E6B /* LastMileHero */ = {
			isa = PBXGroup;
			children = (
				ECBB86D21C829742002B1E6B /* AppDelegate.swift */,
				ECBB86D41C829742002B1E6B /* ViewController.swift */,
				ECBB86D61C829742002B1E6B /* Main.storyboard */,
				ECBB86D91C829742002B1E6B /* Assets.xcassets */,
				ECBB86DB1C829742002B1E6B /* LaunchScreen.storyboard */,
				ECBB86DE1C829742002B1E6B /* Info.plist */,
			);
			path = LastMileHero;
			sourceTree = "<group>";
		};
		ECBB86E61C829742002B1E6B /* LastMileHeroTests */ = {
			isa = PBXGroup;
			children = (
				ECBB86E71C829742002B1E6B /* LastMileHeroTests.swift */,
				ECBB86E91C829742002B1E6B /* Info.plist */,
			);
			path = LastMileHeroTests;
			sourceTree = "<group>";
		};
		ECBB86F11C829743002B1E6B /* LastMileHeroUITests */ = {
			isa = PBXGroup;
			children = (
				ECBB86F21C829743002B1E6B /* LastMileHeroUITests.swift */,
				ECBB86F41C829743002B1E6B /* Info.plist */,
			);
			path = LastMileHeroUITests;
			sourceTree = "<group>";
		};
/* End PBXGroup section */

/* Begin PBXNativeTarget section */
		ECBB86CE1C829742002B1E6B /* LastMileHero */ = {
			isa = PBXNativeTarget;
			buildConfigurationList = ECBB86F71C829743002B1E6B /* Build configuration list for PBXNativeTarget "LastMileHero" */;
			buildPhases = (
				ECBB86CB1C829742002B1E6B /* Sources */,
				ECBB86CC1C829742002B1E6B /* Frameworks */,
				ECBB86CD1C829742002B1E6B /* Resources */,
			);
			buildRules = (
			);
			dependencies = (
			);
			name = LastMileHero;
			productName = LastMileHero;
			productReference = ECBB86CF1C829742002B1E6B /* LastMileHero.app */;
			productType = "com.apple.product-type.application";
		};
		ECBB86E21C829742002B1E6B /* LastMileHeroTests */ = {
			isa = PBXNativeTarget;
			buildConfigurationList = ECBB86FA1C829743002B1E6B /* Build configuration list for PBXNativeTarget "LastMileHeroTests" */;
			buildPhases = (
				ECBB86DF1C829742002B1E6B /* Sources */,
				ECBB86E01C829742002B1E6B /* Frameworks */,
				ECBB86E11C829742002B1E6B /* Resources */,
			);
			buildRules = (
			);
			dependencies = (
				ECBB86E51C829742002B1E6B /* PBXTargetDependency */,
			);
			name = LastMileHeroTests;
			productName = LastMileHeroTests;
			productReference = ECBB86E31C829742002B1E6B /* LastMileHeroTests.xctest */;
			productType = "com.apple.product-type.bundle.unit-test";
		};
		ECBB86ED1C829743002B1E6B /* LastMileHeroUITests */ = {
			isa = PBXNativeTarget;
			buildConfigurationList = ECBB86FD1C829743002B1E6B /* Build configuration list for PBXNativeTarget "LastMileHeroUITests" */;
			buildPhases = (
				ECBB86EA1C829743002B1E6B /* Sources */,
				ECBB86EB1C829743002B1E6B /* Frameworks */,
				ECBB86EC1C829743002B1E6B /* Resources */,
			);
			buildRules = (
			);
			dependencies = (
				ECBB86F01C829743002B1E6B /* PBXTargetDependency */,
			);
			name = LastMileHeroUITests;
			productName = LastMileHeroUITests;
			productReference = ECBB86EE1C829743002B1E6B /* LastMileHeroUITests.xctest */;
			productType = "com.apple.product-type.bundle.ui-testing";
		};
/* End PBXNativeTarget section */

/* Begin PBXProject section */
		ECBB86C71C829742002B1E6B /* Project object */ = {
			isa = PBXProject;
			attributes = {
				LastSwiftUpdateCheck = 0720;
				LastUpgradeCheck = 0720;
				ORGANIZATIONNAME = liang;
				TargetAttributes = {
					ECBB86CE1C829742002B1E6B = {
						CreatedOnToolsVersion = 7.2;
					};
					ECBB86E21C829742002B1E6B = {
						CreatedOnToolsVersion = 7.2;
						TestTargetID = ECBB86CE1C829742002B1E6B;
					};
					ECBB86ED1C829743002B1E6B = {
						CreatedOnToolsVersion = 7.2;
						TestTargetID = ECBB86CE1C829742002B1E6B;
					};
				};
			};
			buildConfigurationList = ECBB86CA1C829742002B1E6B /* Build configuration list for PBXProject "LastMileHero" */;
			compatibilityVersion = "Xcode 3.2";
			developmentRegion = English;
			hasScannedForEncodings = 0;
			knownRegions = (
				en,
				Base,
			);
			mainGroup = ECBB86C61C829742002B1E6B;
			productRefGroup = ECBB86D01C829742002B1E6B /* Products */;
			projectDirPath = "";
			projectRoot = "";
			targets = (
				ECBB86CE1C829742002B1E6B /* LastMileHero */,
				ECBB86E21C829742002B1E6B /* LastMileHeroTests */,
				ECBB86ED1C829743002B1E6B /* LastMileHeroUITests */,
			);
		};
/* End PBXProject section */

/* Begin PBXResourcesBuildPhase section */
		ECBB86CD1C829742002B1E6B /* Resources */ = {
			isa = PBXResourcesBuildPhase;
			buildActionMask = 2147483647;
			files = (
				ECBB86DD1C829742002B1E6B /* LaunchScreen.storyboard in Resources */,
				ECBB86DA1C829742002B1E6B /* Assets.xcassets in Resources */,
				ECBB86D81C829742002B1E6B /* Main.storyboard in Resources */,
			);
			runOnlyForDeploymentPostprocessing = 0;
		};
		ECBB86E11C829742002B1E6B /* Resources */ = {
			isa = PBXResourcesBuildPhase;
			buildActionMask = 2147483647;
			files = (
			);
			runOnlyForDeploymentPostprocessing = 0;
		};
		ECBB86EC1C829743002B1E6B /* Resources */ = {
			isa = PBXResourcesBuildPhase;
			buildActionMask = 2147483647;
			files = (
			);
			runOnlyForDeploymentPostprocessing = 0;
		};
/* End PBXResourcesBuildPhase section */

/* Begin PBXSourcesBuildPhase section */
		ECBB86CB1C829742002B1E6B /* Sources */ = {
			isa = PBXSourcesBuildPhase;
			buildActionMask = 2147483647;
			files = (
				ECBB86D51C829742002B1E6B /* ViewController.swift in Sources */,
				ECBB86D31C829742002B1E6B /* AppDelegate.swift in Sources */,
			);
			runOnlyForDeploymentPostprocessing = 0;
		};
		ECBB86DF1C829742002B1E6B /* Sources */ = {
			isa = PBXSourcesBuildPhase;
			buildActionMask = 2147483647;
			files = (
				ECBB86E81C829742002B1E6B /* LastMileHeroTests.swift in Sources */,
			);
			runOnlyForDeploymentPostprocessing = 0;
		};
		ECBB86EA1C829743002B1E6B /* Sources */ = {
			isa = PBXSourcesBuildPhase;
			buildActionMask = 2147483647;
			files = (
				ECBB86F31C829743002B1E6B /* LastMileHeroUITests.swift in Sources */,
			);
			runOnlyForDeploymentPostprocessing = 0;
		};
/* End PBXSourcesBuildPhase section */

/* Begin PBXTargetDependency section */
		ECBB86E51C829742002B1E6B /* PBXTargetDependency */ = {
			isa = PBXTargetDependency;
			target = ECBB86CE1C829742002B1E6B /* LastMileHero */;
			targetProxy = ECBB86E41C829742002B1E6B /* PBXContainerItemProxy */;
		};
		ECBB86F01C829743002B1E6B /* PBXTargetDependency */ = {
			isa = PBXTargetDependency;
			target = ECBB86CE1C829742002B1E6B /* LastMileHero */;
			targetProxy = ECBB86EF1C829743002B1E6B /* PBXContainerItemProxy */;
		};
/* End PBXTargetDependency section */

/* Begin PBXVariantGroup section */
		ECBB86D61C829742002B1E6B /* Main.storyboard */ = {
			isa = PBXVariantGroup;
			children = (
				ECBB86D71C829742002B1E6B /* Base */,
			);
			name = Main.storyboard;
			sourceTree = "<group>";
		};
		ECBB86DB1C829742002B1E6B /* LaunchScreen.storyboard */ = {
			isa = PBXVariantGroup;
			children = (
				ECBB86DC1C829742002B1E6B /* Base */,
			);
			name = LaunchScreen.storyboard;
			sourceTree = "<group>";
		};
/* End PBXVariantGroup section */

/* Begin XCBuildConfiguration section */
		ECBB86F51C829743002B1E6B /* Debug */ = {
			isa = XCBuildConfiguration;
			buildSettings = {
				ALWAYS_SEARCH_USER_PATHS = NO;
				CLANG_CXX_LANGUAGE_STANDARD = "gnu++0x";
				CLANG_CXX_LIBRARY = "libc++";
				CLANG_ENABLE_MODULES = YES;
				CLANG_ENABLE_OBJC_ARC = YES;
				CLANG_WARN_BOOL_CONVERSION = YES;
				CLANG_WARN_CONSTANT_CONVERSION = YES;
				CLANG_WARN_DIRECT_OBJC_ISA_USAGE = YES_ERROR;
				CLANG_WARN_EMPTY_BODY = YES;
				CLANG_WARN_ENUM_CONVERSION = YES;
				CLANG_WARN_INT_CONVERSION = YES;
				CLANG_WARN_OBJC_ROOT_CLASS = YES_ERROR;
				CLANG_WARN_UNREACHABLE_CODE = YES;
				CLANG_WARN__DUPLICATE_METHOD_MATCH = YES;
				"CODE_SIGN_IDENTITY[sdk=iphoneos*]" = "iPhone Developer";
				COPY_PHASE_STRIP = NO;
				DEBUG_INFORMATION_FORMAT = dwarf;
				ENABLE_STRICT_OBJC_MSGSEND = YES;
				ENABLE_TESTABILITY = YES;
				GCC_C_LANGUAGE_STANDARD = gnu99;
				GCC_DYNAMIC_NO_PIC = NO;
				GCC_NO_COMMON_BLOCKS = YES;
				GCC_OPTIMIZATION_LEVEL = 0;
				GCC_PREPROCESSOR_DEFINITIONS = (
					"DEBUG=1",
					"$(inherited)",
				);
				GCC_WARN_64_TO_32_BIT_CONVERSION = YES;
				GCC_WARN_ABOUT_RETURN_TYPE = YES_ERROR;
				GCC_WARN_UNDECLARED_SELECTOR = YES;
				GCC_WARN_UNINITIALIZED_AUTOS = YES_AGGRESSIVE;
				GCC_WARN_UNUSED_FUNCTION = YES;
				GCC_WARN_UNUSED_VARIABLE = YES;
				IPHONEOS_DEPLOYMENT_TARGET = 9.2;
				MTL_ENABLE_DEBUG_INFO = YES;
				ONLY_ACTIVE_ARCH = YES;
				SDKROOT = iphoneos;
				SWIFT_OPTIMIZATION_LEVEL = "-Onone";
			};
			name = Debug;
		};
		ECBB86F61C829743002B1E6B /* Release */ = {
			isa = XCBuildConfiguration;
			buildSettings = {
				ALWAYS_SEARCH_USER_PATHS = NO;
				CLANG_CXX_LANGUAGE_STANDARD = "gnu++0x";
				CLANG_CXX_LIBRARY = "libc++";
				CLANG_ENABLE_MODULES = YES;
				CLANG_ENABLE_OBJC_ARC = YES;
				CLANG_WARN_BOOL_CONVERSION = YES;
				CLANG_WARN_CONSTANT_CONVERSION = YES;
				CLANG_WARN_DIRECT_OBJC_ISA_USAGE = YES_ERROR;
				CLANG_WARN_EMPTY_BODY = YES;
				CLANG_WARN_ENUM_CONVERSION = YES;
				CLANG_WARN_INT_CONVERSION = YES;
				CLANG_WARN_OBJC_ROOT_CLASS = YES_ERROR;
				CLANG_WARN_UNREACHABLE_CODE = YES;
				CLANG_WARN__DUPLICATE_METHOD_MATCH = YES;
				"CODE_SIGN_IDENTITY[sdk=iphoneos*]" = "iPhone Developer";
				COPY_PHASE_STRIP = NO;
				DEBUG_INFORMATION_FORMAT = "dwarf-with-dsym";
				ENABLE_NS_ASSERTIONS = NO;
				ENABLE_STRICT_OBJC_MSGSEND = YES;
				GCC_C_LANGUAGE_STANDARD = gnu99;
				GCC_NO_COMMON_BLOCKS = YES;
				GCC_WARN_64_TO_32_BIT_CONVERSION = YES;
				GCC_WARN_ABOUT_RETURN_TYPE = YES_ERROR;
				GCC_WARN_UNDECLARED_SELECTOR = YES;
				GCC_WARN_UNINITIALIZED_AUTOS = YES_AGGRESSIVE;
				GCC_WARN_UNUSED_FUNCTION = YES;
				GCC_WARN_UNUSED_VARIABLE = YES;
				IPHONEOS_DEPLOYMENT_TARGET = 9.2;
				MTL_ENABLE_DEBUG_INFO = NO;
				SDKROOT = iphoneos;
				VALIDATE_PRODUCT = YES;
			};
			name = Release;
		};
		ECBB86F81C829743002B1E6B /* Debug */ = {
			isa = XCBuildConfiguration;
			buildSettings = {
				ASSETCATALOG_COMPILER_APPICON_NAME = AppIcon;
				INFOPLIST_FILE = LastMileHero/Info.plist;
				LD_RUNPATH_SEARCH_PATHS = "$(inherited) @executable_path/Frameworks";
				PRODUCT_BUNDLE_IDENTIFIER = com.liang.umd.LastMileHero;
				PRODUCT_NAME = "$(TARGET_NAME)";
			};
			name = Debug;
		};
		ECBB86F91C829743002B1E6B /* Release */ = {
			isa = XCBuildConfiguration;
			buildSettings = {
				ASSETCATALOG_COMPILER_APPICON_NAME = AppIcon;
				INFOPLIST_FILE = LastMileHero/Info.plist;
				LD_RUNPATH_SEARCH_PATHS = "$(inherited) @executable_path/Frameworks";
				PRODUCT_BUNDLE_IDENTIFIER = com.liang.umd.LastMileHero;
				PRODUCT_NAME = "$(TARGET_NAME)";
			};
			name = Release;
		};
		ECBB86FB1C829743002B1E6B /* Debug */ = {
			isa = XCBuildConfiguration;
			buildSettings = {
				BUNDLE_LOADER = "$(TEST_HOST)";
				INFOPLIST_FILE = LastMileHeroTests/Info.plist;
				LD_RUNPATH_SEARCH_PATHS = "$(inherited) @executable_path/Frameworks @loader_path/Frameworks";
				PRODUCT_BUNDLE_IDENTIFIER = com.liang.umd.LastMileHeroTests;
				PRODUCT_NAME = "$(TARGET_NAME)";
				TEST_HOST = "$(BUILT_PRODUCTS_DIR)/LastMileHero.app/LastMileHero";
			};
			name = Debug;
		};
		ECBB86FC1C829743002B1E6B /* Release */ = {
			isa = XCBuildConfiguration;
			buildSettings = {
				BUNDLE_LOADER = "$(TEST_HOST)";
				INFOPLIST_FILE = LastMileHeroTests/Info.plist;
				LD_RUNPATH_SEARCH_PATHS = "$(inherited) @executable_path/Frameworks @loader_path/Frameworks";
				PRODUCT_BUNDLE_IDENTIFIER = com.liang.umd.LastMileHeroTests;
				PRODUCT_NAME = "$(TARGET_NAME)";
				TEST_HOST = "$(BUILT_PRODUCTS_DIR)/LastMileHero.app/LastMileHero";
			};
			name = Release;
		};
		ECBB86FE1C829743002B1E6B /* Debug */ = {
			isa = XCBuildConfiguration;
			buildSettings = {
				INFOPLIST_FILE = LastMileHeroUITests/Info.plist;
				LD_RUNPATH_SEARCH_PATHS = "$(inherited) @executable_path/Frameworks @loader_path/Frameworks";
				PRODUCT_BUNDLE_IDENTIFIER = com.liang.umd.LastMileHeroUITests;
				PRODUCT_NAME = "$(TARGET_NAME)";
				TEST_TARGET_NAME = LastMileHero;
				USES_XCTRUNNER = YES;
			};
			name = Debug;
		};
		ECBB86FF1C829743002B1E6B /* Release */ = {
			isa = XCBuildConfiguration;
			buildSettings = {
				INFOPLIST_FILE = LastMileHeroUITests/Info.plist;
				LD_RUNPATH_SEARCH_PATHS = "$(inherited) @executable_path/Frameworks @loader_path/Frameworks";
				PRODUCT_BUNDLE_IDENTIFIER = com.liang.umd.LastMileHeroUITests;
				PRODUCT_NAME = "$(TARGET_NAME)";
				TEST_TARGET_NAME = LastMileHero;
				USES_XCTRUNNER = YES;
			};
			name = Release;
		};
/* End XCBuildConfiguration section */

/* Begin XCConfigurationList section */
		ECBB86CA1C829742002B1E6B /* Build configuration list for PBXProject "LastMileHero" */ = {
			isa = XCConfigurationList;
			buildConfigurations = (
				ECBB86F51C829743002B1E6B /* Debug */,
				ECBB86F61C829743002B1E6B /* Release */,
			);
			defaultConfigurationIsVisible = 0;
			defaultConfigurationName = Release;
		};
		ECBB86F71C829743002B1E6B /* Build configuration list for PBXNativeTarget "LastMileHero" */ = {
			isa = XCConfigurationList;
			buildConfigurations = (
				ECBB86F81C829743002B1E6B /* Debug */,
				ECBB86F91C829743002B1E6B /* Release */,
			);
			defaultConfigurationIsVisible = 0;
		};
		ECBB86FA1C829743002B1E6B /* Build configuration list for PBXNativeTarget "LastMileHeroTests" */ = {
			isa = XCConfigurationList;
			buildConfigurations = (
				ECBB86FB1C829743002B1E6B /* Debug */,
				ECBB86FC1C829743002B1E6B /* Release */,
			);
			defaultConfigurationIsVisible = 0;
		};
		ECBB86FD1C829743002B1E6B /* Build configuration list for PBXNativeTarget "LastMileHeroUITests" */ = {
			isa = XCConfigurationList;
			buildConfigurations = (
				ECBB86FE1C829743002B1E6B /* Debug */,
				ECBB86FF1C829743002B1E6B /* Release */,
			);
			defaultConfigurationIsVisible = 0;
		};
/* End XCConfigurationList section */
	};
	rootObject = ECBB86C71C829742002B1E6B /* Project object */;
}
